// !$*UTF8*$!
{
	archiveVersion = 1;
	classes = {
	};
	objectVersion = 56;
	objects = {

/* Begin PBXBuildFile section */
		31CB84873495460EA9F03931 /* Pods_TomofilyaC.framework in Frameworks */ = {isa = PBXBuildFile; fileRef = CCB5CECF8DD0BB97BB968960 /* Pods_TomofilyaC.framework */; };
		E812AEAC2A94A5CC00E7CF9D /* SocialPlatform.swift in Sources */ = {isa = PBXBuildFile; fileRef = E812AEAB2A94A5CC00E7CF9D /* SocialPlatform.swift */; };
		E8384FB72A7BF7A8005FE9F5 /* AppDelegate.swift in Sources */ = {isa = PBXBuildFile; fileRef = E8384FB62A7BF7A8005FE9F5 /* AppDelegate.swift */; };
		E8384FB92A7BF7A8005FE9F5 /* SceneDelegate.swift in Sources */ = {isa = PBXBuildFile; fileRef = E8384FB82A7BF7A8005FE9F5 /* SceneDelegate.swift */; };
		E8384FBB2A7BF7A8005FE9F5 /* OnboardingViewController.swift in Sources */ = {isa = PBXBuildFile; fileRef = E8384FBA2A7BF7A8005FE9F5 /* OnboardingViewController.swift */; };
		E8384FC02A7BF7AB005FE9F5 /* Assets.xcassets in Resources */ = {isa = PBXBuildFile; fileRef = E8384FBF2A7BF7AB005FE9F5 /* Assets.xcassets */; };
		E8384FC32A7BF7AB005FE9F5 /* LaunchScreen.storyboard in Resources */ = {isa = PBXBuildFile; fileRef = E8384FC12A7BF7AB005FE9F5 /* LaunchScreen.storyboard */; };
		E84AD9452AA8653000150296 /* CategoryItem.swift in Sources */ = {isa = PBXBuildFile; fileRef = E84AD9442AA8653000150296 /* CategoryItem.swift */; };
		E85245762AC3B83D00B4CB81 /* GoogleSignIn in Frameworks */ = {isa = PBXBuildFile; productRef = E85245752AC3B83D00B4CB81 /* GoogleSignIn */; settings = {ATTRIBUTES = (Required, ); }; };
		E85245782AC3B83D00B4CB81 /* GoogleSignInSwift in Frameworks */ = {isa = PBXBuildFile; productRef = E85245772AC3B83D00B4CB81 /* GoogleSignInSwift */; };
		E85DB67D2B275CD600364A3F /* FirebaseAnalytics in Frameworks */ = {isa = PBXBuildFile; productRef = E85DB67C2B275CD600364A3F /* FirebaseAnalytics */; };
		E85DB67F2B275CD600364A3F /* FirebaseAnalyticsOnDeviceConversion in Frameworks */ = {isa = PBXBuildFile; productRef = E85DB67E2B275CD600364A3F /* FirebaseAnalyticsOnDeviceConversion */; };
		E85DB6812B275CD600364A3F /* FirebaseAnalyticsSwift in Frameworks */ = {isa = PBXBuildFile; productRef = E85DB6802B275CD600364A3F /* FirebaseAnalyticsSwift */; };
		E85DB6832B275CD600364A3F /* FirebaseAnalyticsWithoutAdIdSupport in Frameworks */ = {isa = PBXBuildFile; productRef = E85DB6822B275CD600364A3F /* FirebaseAnalyticsWithoutAdIdSupport */; };
		E85DB6852B275CD600364A3F /* FirebaseAppCheck in Frameworks */ = {isa = PBXBuildFile; productRef = E85DB6842B275CD600364A3F /* FirebaseAppCheck */; };
		E85DB6872B275CD600364A3F /* FirebaseAppDistribution-Beta in Frameworks */ = {isa = PBXBuildFile; productRef = E85DB6862B275CD600364A3F /* FirebaseAppDistribution-Beta */; };
		E85DB6892B275CD600364A3F /* FirebaseAuth in Frameworks */ = {isa = PBXBuildFile; productRef = E85DB6882B275CD600364A3F /* FirebaseAuth */; };
		E85DB68B2B275CD600364A3F /* FirebaseAuthCombine-Community in Frameworks */ = {isa = PBXBuildFile; productRef = E85DB68A2B275CD600364A3F /* FirebaseAuthCombine-Community */; };
		E85DB68D2B275CD600364A3F /* FirebaseCrashlytics in Frameworks */ = {isa = PBXBuildFile; productRef = E85DB68C2B275CD600364A3F /* FirebaseCrashlytics */; };
		E85DB68F2B275CD600364A3F /* FirebaseDatabase in Frameworks */ = {isa = PBXBuildFile; productRef = E85DB68E2B275CD600364A3F /* FirebaseDatabase */; };
		E85DB6912B275CD600364A3F /* FirebaseDatabaseSwift in Frameworks */ = {isa = PBXBuildFile; productRef = E85DB6902B275CD600364A3F /* FirebaseDatabaseSwift */; };
		E85DB6932B275CD600364A3F /* FirebaseDynamicLinks in Frameworks */ = {isa = PBXBuildFile; productRef = E85DB6922B275CD600364A3F /* FirebaseDynamicLinks */; };
		E85DB6952B275CD600364A3F /* FirebaseFirestore in Frameworks */ = {isa = PBXBuildFile; productRef = E85DB6942B275CD600364A3F /* FirebaseFirestore */; };
		E85DB6972B275CD600364A3F /* FirebaseFirestoreCombine-Community in Frameworks */ = {isa = PBXBuildFile; productRef = E85DB6962B275CD600364A3F /* FirebaseFirestoreCombine-Community */; };
		E85DB6992B275CD600364A3F /* FirebaseFirestoreSwift in Frameworks */ = {isa = PBXBuildFile; productRef = E85DB6982B275CD600364A3F /* FirebaseFirestoreSwift */; };
		E85DB69B2B275CD600364A3F /* FirebaseFunctions in Frameworks */ = {isa = PBXBuildFile; productRef = E85DB69A2B275CD600364A3F /* FirebaseFunctions */; };
		E85DB69D2B275CD600364A3F /* FirebaseFunctionsCombine-Community in Frameworks */ = {isa = PBXBuildFile; productRef = E85DB69C2B275CD600364A3F /* FirebaseFunctionsCombine-Community */; };
		E85DB69F2B275CD600364A3F /* FirebaseInAppMessaging-Beta in Frameworks */ = {isa = PBXBuildFile; productRef = E85DB69E2B275CD600364A3F /* FirebaseInAppMessaging-Beta */; };
		E85DB6A12B275CD600364A3F /* FirebaseInAppMessagingSwift-Beta in Frameworks */ = {isa = PBXBuildFile; productRef = E85DB6A02B275CD600364A3F /* FirebaseInAppMessagingSwift-Beta */; };
		E85DB6A32B275CD600364A3F /* FirebaseInstallations in Frameworks */ = {isa = PBXBuildFile; productRef = E85DB6A22B275CD600364A3F /* FirebaseInstallations */; };
		E85DB6A52B275CD600364A3F /* FirebaseMLModelDownloader in Frameworks */ = {isa = PBXBuildFile; productRef = E85DB6A42B275CD600364A3F /* FirebaseMLModelDownloader */; };
		E85DB6A72B275CD600364A3F /* FirebaseMessaging in Frameworks */ = {isa = PBXBuildFile; productRef = E85DB6A62B275CD600364A3F /* FirebaseMessaging */; };
		E85DB6A92B275CD600364A3F /* FirebasePerformance in Frameworks */ = {isa = PBXBuildFile; productRef = E85DB6A82B275CD600364A3F /* FirebasePerformance */; };
		E85DB6AB2B275CD600364A3F /* FirebaseRemoteConfig in Frameworks */ = {isa = PBXBuildFile; productRef = E85DB6AA2B275CD600364A3F /* FirebaseRemoteConfig */; };
		E85DB6AD2B275CD600364A3F /* FirebaseRemoteConfigSwift in Frameworks */ = {isa = PBXBuildFile; productRef = E85DB6AC2B275CD600364A3F /* FirebaseRemoteConfigSwift */; };
		E85DB6AF2B275CD600364A3F /* FirebaseStorage in Frameworks */ = {isa = PBXBuildFile; productRef = E85DB6AE2B275CD600364A3F /* FirebaseStorage */; };
		E85DB6B12B275CD600364A3F /* FirebaseStorageCombine-Community in Frameworks */ = {isa = PBXBuildFile; productRef = E85DB6B02B275CD600364A3F /* FirebaseStorageCombine-Community */; };
		E85DB6B32B275E6500364A3F /* GoogleService-Info.plist in Resources */ = {isa = PBXBuildFile; fileRef = E85DB6B22B275E6500364A3F /* GoogleService-Info.plist */; };
		E8834C242A8F9286002853D8 /* ForgotPasswordViewController.swift in Sources */ = {isa = PBXBuildFile; fileRef = E8834C232A8F9286002853D8 /* ForgotPasswordViewController.swift */; };
		E8834C272A8F92CB002853D8 /* ForgotPasswordView.swift in Sources */ = {isa = PBXBuildFile; fileRef = E8834C262A8F92CB002853D8 /* ForgotPasswordView.swift */; };
		E8873F252AC3062500362E46 /* SocialLoginController.swift in Sources */ = {isa = PBXBuildFile; fileRef = E8873F242AC3062500362E46 /* SocialLoginController.swift */; };
		E88D8F662AC1A3E900D9D4D6 /* ConfigureModel.swift in Sources */ = {isa = PBXBuildFile; fileRef = E88D8F652AC1A3E900D9D4D6 /* ConfigureModel.swift */; };
		E8A4AFDD2AAF6B200020C9CA /* ProductsView.swift in Sources */ = {isa = PBXBuildFile; fileRef = E8A4AFDC2AAF6B200020C9CA /* ProductsView.swift */; };
		E8A4B0042AB8428C0020C9CA /* Kingfisher in Frameworks */ = {isa = PBXBuildFile; productRef = E8A4B0032AB8428C0020C9CA /* Kingfisher */; };
		E8B188DA2ACADAB900920A25 /* CategoryCollectionCell.swift in Sources */ = {isa = PBXBuildFile; fileRef = E8B188D92ACADAB900920A25 /* CategoryCollectionCell.swift */; };
		E8BC16D92A97DF7600EDA8CB /* GidToken.swift in Sources */ = {isa = PBXBuildFile; fileRef = E8BC16D82A97DF7600EDA8CB /* GidToken.swift */; };
		E8D6249B2ABC3FA300267FD8 /* LoginResponseModel.swift in Sources */ = {isa = PBXBuildFile; fileRef = E8D6249A2ABC3FA300267FD8 /* LoginResponseModel.swift */; };
		E8D6249E2ABC443A00267FD8 /* RegisterResponseModel.swift in Sources */ = {isa = PBXBuildFile; fileRef = E8D6249D2ABC443A00267FD8 /* RegisterResponseModel.swift */; };
		E8D624A02ABC457A00267FD8 /* SocialResponseModel.swift in Sources */ = {isa = PBXBuildFile; fileRef = E8D6249F2ABC457A00267FD8 /* SocialResponseModel.swift */; };
		E8D624A22ABC6F9000267FD8 /* SendVerificationResponse.swift in Sources */ = {isa = PBXBuildFile; fileRef = E8D624A12ABC6F9000267FD8 /* SendVerificationResponse.swift */; };
		E8D624A42ABC93C200267FD8 /* VerifyCodeRespons.swift in Sources */ = {isa = PBXBuildFile; fileRef = E8D624A32ABC93C200267FD8 /* VerifyCodeRespons.swift */; };
		E8D624A62ABCEDC200267FD8 /* PasswordResetResponse.swift in Sources */ = {isa = PBXBuildFile; fileRef = E8D624A52ABCEDC200267FD8 /* PasswordResetResponse.swift */; };
		E8DB74492A9CB8A10084AB29 /* HomeCollectionViewController.swift in Sources */ = {isa = PBXBuildFile; fileRef = E8DB74482A9CB8A10084AB29 /* HomeCollectionViewController.swift */; };
		E8DB744F2A9CD1AE0084AB29 /* MessageController.swift in Sources */ = {isa = PBXBuildFile; fileRef = E8DB744E2A9CD1AE0084AB29 /* MessageController.swift */; };
		E8DB74512A9CD1BE0084AB29 /* GarageController.swift in Sources */ = {isa = PBXBuildFile; fileRef = E8DB74502A9CD1BE0084AB29 /* GarageController.swift */; };
		E8DB74532A9CD1EF0084AB29 /* ShopController.swift in Sources */ = {isa = PBXBuildFile; fileRef = E8DB74522A9CD1EF0084AB29 /* ShopController.swift */; };
		E8DB74552A9CD1FA0084AB29 /* ProfileController.swift in Sources */ = {isa = PBXBuildFile; fileRef = E8DB74542A9CD1FA0084AB29 /* ProfileController.swift */; };
		E8DB74572A9CD27B0084AB29 /* TabBarController.swift in Sources */ = {isa = PBXBuildFile; fileRef = E8DB74562A9CD27B0084AB29 /* TabBarController.swift */; };
		E8DD60C42A8E39C100B5C3C9 /* NetworkService.swift in Sources */ = {isa = PBXBuildFile; fileRef = E8DD60C32A8E39C100B5C3C9 /* NetworkService.swift */; };
		E8DD60CA2A8F01A200B5C3C9 /* LinkModel.swift in Sources */ = {isa = PBXBuildFile; fileRef = E8DD60C92A8F01A200B5C3C9 /* LinkModel.swift */; };
		E8E32C652AB9E5D2003CF072 /* UrlRequestProtocol.swift in Sources */ = {isa = PBXBuildFile; fileRef = E8E32C642AB9E5D2003CF072 /* UrlRequestProtocol.swift */; };
		E8E32C6A2ABAD097003CF072 /* UserNetworkServiceRoute.swift in Sources */ = {isa = PBXBuildFile; fileRef = E8E32C692ABAD097003CF072 /* UserNetworkServiceRoute.swift */; };
		E8E49AD82AA62DBF0079F820 /* HomeView.swift in Sources */ = {isa = PBXBuildFile; fileRef = E8E49AD72AA62DBF0079F820 /* HomeView.swift */; };
		E8E49ADA2AA62DE20079F820 /* HomeModel.swift in Sources */ = {isa = PBXBuildFile; fileRef = E8E49AD92AA62DE20079F820 /* HomeModel.swift */; };
		E8E526262AAA2349009635C6 /* homeGetAll.swift in Sources */ = {isa = PBXBuildFile; fileRef = E8E526252AAA2349009635C6 /* homeGetAll.swift */; };
		E8E5262B2AAF0B9A009635C6 /* fastGarageView.swift in Sources */ = {isa = PBXBuildFile; fileRef = E8E5262A2AAF0B9A009635C6 /* fastGarageView.swift */; };
		E8EAC63D2A90E90900BDFFA3 /* VerificationViewController.swift in Sources */ = {isa = PBXBuildFile; fileRef = E8EAC63C2A90E90900BDFFA3 /* VerificationViewController.swift */; };
		E8EAC63F2A91F9E900BDFFA3 /* VerificationView.swift in Sources */ = {isa = PBXBuildFile; fileRef = E8EAC63E2A91F9E900BDFFA3 /* VerificationView.swift */; };
		E8EAC6412A92CC7C00BDFFA3 /* ResetPasswordViewController.swift in Sources */ = {isa = PBXBuildFile; fileRef = E8EAC6402A92CC7C00BDFFA3 /* ResetPasswordViewController.swift */; };
		E8EAC6432A92CCAB00BDFFA3 /* ResetPasswordView.swift in Sources */ = {isa = PBXBuildFile; fileRef = E8EAC6422A92CCAB00BDFFA3 /* ResetPasswordView.swift */; };
		E8EAC6492A93A5EA00BDFFA3 /* MailVerifyViewController.swift in Sources */ = {isa = PBXBuildFile; fileRef = E8EAC6482A93A5EA00BDFFA3 /* MailVerifyViewController.swift */; };
		E8EAC64B2A93A60200BDFFA3 /* MailVerifyView.swift in Sources */ = {isa = PBXBuildFile; fileRef = E8EAC64A2A93A60200BDFFA3 /* MailVerifyView.swift */; };
		E8EAC65F2A93B36500BDFFA3 /* Poppins-Medium.ttf in Resources */ = {isa = PBXBuildFile; fileRef = E8EAC64D2A93B36400BDFFA3 /* Poppins-Medium.ttf */; };
		E8EAC6602A93B36500BDFFA3 /* Poppins-Italic.ttf in Resources */ = {isa = PBXBuildFile; fileRef = E8EAC64E2A93B36400BDFFA3 /* Poppins-Italic.ttf */; };
		E8EAC6612A93B36500BDFFA3 /* Poppins-ExtraBoldItalic.ttf in Resources */ = {isa = PBXBuildFile; fileRef = E8EAC64F2A93B36400BDFFA3 /* Poppins-ExtraBoldItalic.ttf */; };
		E8EAC6622A93B36500BDFFA3 /* Poppins-Bold.ttf in Resources */ = {isa = PBXBuildFile; fileRef = E8EAC6502A93B36400BDFFA3 /* Poppins-Bold.ttf */; };
		E8EAC6632A93B36500BDFFA3 /* Poppins-SemiBold.ttf in Resources */ = {isa = PBXBuildFile; fileRef = E8EAC6512A93B36400BDFFA3 /* Poppins-SemiBold.ttf */; };
		E8EAC6642A93B36500BDFFA3 /* Poppins-SemiBoldItalic.ttf in Resources */ = {isa = PBXBuildFile; fileRef = E8EAC6522A93B36400BDFFA3 /* Poppins-SemiBoldItalic.ttf */; };
		E8EAC6652A93B36500BDFFA3 /* Poppins-Thin.ttf in Resources */ = {isa = PBXBuildFile; fileRef = E8EAC6532A93B36400BDFFA3 /* Poppins-Thin.ttf */; };
		E8EAC6662A93B36500BDFFA3 /* Poppins-ExtraLightItalic.ttf in Resources */ = {isa = PBXBuildFile; fileRef = E8EAC6542A93B36400BDFFA3 /* Poppins-ExtraLightItalic.ttf */; };
		E8EAC6672A93B36500BDFFA3 /* Poppins-ExtraLight.ttf in Resources */ = {isa = PBXBuildFile; fileRef = E8EAC6552A93B36400BDFFA3 /* Poppins-ExtraLight.ttf */; };
		E8EAC6682A93B36500BDFFA3 /* Poppins-BlackItalic.ttf in Resources */ = {isa = PBXBuildFile; fileRef = E8EAC6562A93B36400BDFFA3 /* Poppins-BlackItalic.ttf */; };
		E8EAC6692A93B36500BDFFA3 /* Poppins-Light.ttf in Resources */ = {isa = PBXBuildFile; fileRef = E8EAC6572A93B36500BDFFA3 /* Poppins-Light.ttf */; };
		E8EAC66A2A93B36500BDFFA3 /* Poppins-ThinItalic.ttf in Resources */ = {isa = PBXBuildFile; fileRef = E8EAC6582A93B36500BDFFA3 /* Poppins-ThinItalic.ttf */; };
		E8EAC66B2A93B36500BDFFA3 /* Poppins-Black.ttf in Resources */ = {isa = PBXBuildFile; fileRef = E8EAC6592A93B36500BDFFA3 /* Poppins-Black.ttf */; };
		E8EAC66C2A93B36500BDFFA3 /* Poppins-BoldItalic.ttf in Resources */ = {isa = PBXBuildFile; fileRef = E8EAC65A2A93B36500BDFFA3 /* Poppins-BoldItalic.ttf */; };
		E8EAC66D2A93B36500BDFFA3 /* Poppins-MediumItalic.ttf in Resources */ = {isa = PBXBuildFile; fileRef = E8EAC65B2A93B36500BDFFA3 /* Poppins-MediumItalic.ttf */; };
		E8EAC66E2A93B36500BDFFA3 /* Poppins-Regular.ttf in Resources */ = {isa = PBXBuildFile; fileRef = E8EAC65C2A93B36500BDFFA3 /* Poppins-Regular.ttf */; };
		E8EAC66F2A93B36500BDFFA3 /* Poppins-ExtraBold.ttf in Resources */ = {isa = PBXBuildFile; fileRef = E8EAC65D2A93B36500BDFFA3 /* Poppins-ExtraBold.ttf */; };
		E8EAC6702A93B36500BDFFA3 /* Poppins-LightItalic.ttf in Resources */ = {isa = PBXBuildFile; fileRef = E8EAC65E2A93B36500BDFFA3 /* Poppins-LightItalic.ttf */; };
		E8F134472A8FAEA30053CCD0 /* PasswordModel.swift in Sources */ = {isa = PBXBuildFile; fileRef = E8F134462A8FAEA30053CCD0 /* PasswordModel.swift */; };
		E8F201E82A802575001685DA /* SplashScreenViewController.swift in Sources */ = {isa = PBXBuildFile; fileRef = E8F201E72A802575001685DA /* SplashScreenViewController.swift */; };
		E8F201F72A8258F9001685DA /* OnboardingPage.swift in Sources */ = {isa = PBXBuildFile; fileRef = E8F201F62A8258F9001685DA /* OnboardingPage.swift */; };
		E8F201FA2A82591C001685DA /* SplashScreenView.swift in Sources */ = {isa = PBXBuildFile; fileRef = E8F201F92A82591C001685DA /* SplashScreenView.swift */; };
		E8F202002A82596B001685DA /* OnboardingView.swift in Sources */ = {isa = PBXBuildFile; fileRef = E8F201FF2A82596B001685DA /* OnboardingView.swift */; };
		E8F202042A83AA18001685DA /* LoginViewController.swift in Sources */ = {isa = PBXBuildFile; fileRef = E8F202032A83AA18001685DA /* LoginViewController.swift */; };
		E8F2020A2A83C91C001685DA /* LoginScreenView.swift in Sources */ = {isa = PBXBuildFile; fileRef = E8F202092A83C91C001685DA /* LoginScreenView.swift */; };
		E8F2020C2A83F03E001685DA /* Ext + UIView.swift in Sources */ = {isa = PBXBuildFile; fileRef = E8F2020B2A83F03E001685DA /* Ext + UIView.swift */; };
		E8F2020E2A83F6DC001685DA /* UserCredentials.swift in Sources */ = {isa = PBXBuildFile; fileRef = E8F2020D2A83F6DC001685DA /* UserCredentials.swift */; };
		E8F2025D2A8BBC13001685DA /* Ext + UIColor.swift in Sources */ = {isa = PBXBuildFile; fileRef = E8F2025C2A8BBC13001685DA /* Ext + UIColor.swift */; };
/* End PBXBuildFile section */

/* Begin PBXFileReference section */
		1DB723A27EE36686408388C2 /* Pods-TomofilyaC.release.xcconfig */ = {isa = PBXFileReference; includeInIndex = 1; lastKnownFileType = text.xcconfig; name = "Pods-TomofilyaC.release.xcconfig"; path = "Target Support Files/Pods-TomofilyaC/Pods-TomofilyaC.release.xcconfig"; sourceTree = "<group>"; };
		BA2C2D47ADC31201B808DC1C /* Pods-TomofilyaC.debug.xcconfig */ = {isa = PBXFileReference; includeInIndex = 1; lastKnownFileType = text.xcconfig; name = "Pods-TomofilyaC.debug.xcconfig"; path = "Target Support Files/Pods-TomofilyaC/Pods-TomofilyaC.debug.xcconfig"; sourceTree = "<group>"; };
		CCB5CECF8DD0BB97BB968960 /* Pods_TomofilyaC.framework */ = {isa = PBXFileReference; explicitFileType = wrapper.framework; includeInIndex = 0; path = Pods_TomofilyaC.framework; sourceTree = BUILT_PRODUCTS_DIR; };
		E812AEAB2A94A5CC00E7CF9D /* SocialPlatform.swift */ = {isa = PBXFileReference; lastKnownFileType = sourcecode.swift; path = SocialPlatform.swift; sourceTree = "<group>"; };
		E8384FB32A7BF7A8005FE9F5 /* TomofilyaC.app */ = {isa = PBXFileReference; explicitFileType = wrapper.application; includeInIndex = 0; path = TomofilyaC.app; sourceTree = BUILT_PRODUCTS_DIR; };
		E8384FB62A7BF7A8005FE9F5 /* AppDelegate.swift */ = {isa = PBXFileReference; lastKnownFileType = sourcecode.swift; path = AppDelegate.swift; sourceTree = "<group>"; };
		E8384FB82A7BF7A8005FE9F5 /* SceneDelegate.swift */ = {isa = PBXFileReference; lastKnownFileType = sourcecode.swift; path = SceneDelegate.swift; sourceTree = "<group>"; };
		E8384FBA2A7BF7A8005FE9F5 /* OnboardingViewController.swift */ = {isa = PBXFileReference; lastKnownFileType = sourcecode.swift; path = OnboardingViewController.swift; sourceTree = "<group>"; };
		E8384FBF2A7BF7AB005FE9F5 /* Assets.xcassets */ = {isa = PBXFileReference; lastKnownFileType = folder.assetcatalog; path = Assets.xcassets; sourceTree = "<group>"; };
		E8384FC22A7BF7AB005FE9F5 /* Base */ = {isa = PBXFileReference; lastKnownFileType = file.storyboard; name = Base; path = Base.lproj/LaunchScreen.storyboard; sourceTree = "<group>"; };
		E8384FC42A7BF7AB005FE9F5 /* Info.plist */ = {isa = PBXFileReference; lastKnownFileType = text.plist.xml; path = Info.plist; sourceTree = "<group>"; };
		E84AD9442AA8653000150296 /* CategoryItem.swift */ = {isa = PBXFileReference; lastKnownFileType = sourcecode.swift; path = CategoryItem.swift; sourceTree = "<group>"; };
		E85DB6B22B275E6500364A3F /* GoogleService-Info.plist */ = {isa = PBXFileReference; fileEncoding = 4; lastKnownFileType = text.plist.xml; path = "GoogleService-Info.plist"; sourceTree = "<group>"; };
		E8834C232A8F9286002853D8 /* ForgotPasswordViewController.swift */ = {isa = PBXFileReference; lastKnownFileType = sourcecode.swift; path = ForgotPasswordViewController.swift; sourceTree = "<group>"; };
		E8834C262A8F92CB002853D8 /* ForgotPasswordView.swift */ = {isa = PBXFileReference; lastKnownFileType = sourcecode.swift; path = ForgotPasswordView.swift; sourceTree = "<group>"; };
		E8873F242AC3062500362E46 /* SocialLoginController.swift */ = {isa = PBXFileReference; lastKnownFileType = sourcecode.swift; path = SocialLoginController.swift; sourceTree = "<group>"; };
		E88D8F652AC1A3E900D9D4D6 /* ConfigureModel.swift */ = {isa = PBXFileReference; lastKnownFileType = sourcecode.swift; path = ConfigureModel.swift; sourceTree = "<group>"; };
		E8A4AFDC2AAF6B200020C9CA /* ProductsView.swift */ = {isa = PBXFileReference; lastKnownFileType = sourcecode.swift; path = ProductsView.swift; sourceTree = "<group>"; };
		E8B188D92ACADAB900920A25 /* CategoryCollectionCell.swift */ = {isa = PBXFileReference; lastKnownFileType = sourcecode.swift; path = CategoryCollectionCell.swift; sourceTree = "<group>"; };
		E8BC16D82A97DF7600EDA8CB /* GidToken.swift */ = {isa = PBXFileReference; lastKnownFileType = sourcecode.swift; path = GidToken.swift; sourceTree = "<group>"; };
		E8D6249A2ABC3FA300267FD8 /* LoginResponseModel.swift */ = {isa = PBXFileReference; lastKnownFileType = sourcecode.swift; path = LoginResponseModel.swift; sourceTree = "<group>"; };
		E8D6249D2ABC443A00267FD8 /* RegisterResponseModel.swift */ = {isa = PBXFileReference; lastKnownFileType = sourcecode.swift; path = RegisterResponseModel.swift; sourceTree = "<group>"; };
		E8D6249F2ABC457A00267FD8 /* SocialResponseModel.swift */ = {isa = PBXFileReference; lastKnownFileType = sourcecode.swift; path = SocialResponseModel.swift; sourceTree = "<group>"; };
		E8D624A12ABC6F9000267FD8 /* SendVerificationResponse.swift */ = {isa = PBXFileReference; lastKnownFileType = sourcecode.swift; path = SendVerificationResponse.swift; sourceTree = "<group>"; };
		E8D624A32ABC93C200267FD8 /* VerifyCodeRespons.swift */ = {isa = PBXFileReference; lastKnownFileType = sourcecode.swift; path = VerifyCodeRespons.swift; sourceTree = "<group>"; };
		E8D624A52ABCEDC200267FD8 /* PasswordResetResponse.swift */ = {isa = PBXFileReference; lastKnownFileType = sourcecode.swift; path = PasswordResetResponse.swift; sourceTree = "<group>"; };
		E8DB74482A9CB8A10084AB29 /* HomeCollectionViewController.swift */ = {isa = PBXFileReference; lastKnownFileType = sourcecode.swift; path = HomeCollectionViewController.swift; sourceTree = "<group>"; };
		E8DB744E2A9CD1AE0084AB29 /* MessageController.swift */ = {isa = PBXFileReference; lastKnownFileType = sourcecode.swift; path = MessageController.swift; sourceTree = "<group>"; };
		E8DB74502A9CD1BE0084AB29 /* GarageController.swift */ = {isa = PBXFileReference; lastKnownFileType = sourcecode.swift; path = GarageController.swift; sourceTree = "<group>"; };
		E8DB74522A9CD1EF0084AB29 /* ShopController.swift */ = {isa = PBXFileReference; lastKnownFileType = sourcecode.swift; path = ShopController.swift; sourceTree = "<group>"; };
		E8DB74542A9CD1FA0084AB29 /* ProfileController.swift */ = {isa = PBXFileReference; lastKnownFileType = sourcecode.swift; path = ProfileController.swift; sourceTree = "<group>"; };
		E8DB74562A9CD27B0084AB29 /* TabBarController.swift */ = {isa = PBXFileReference; lastKnownFileType = sourcecode.swift; path = TabBarController.swift; sourceTree = "<group>"; };
		E8DD60C32A8E39C100B5C3C9 /* NetworkService.swift */ = {isa = PBXFileReference; lastKnownFileType = sourcecode.swift; path = NetworkService.swift; sourceTree = "<group>"; };
		E8DD60C92A8F01A200B5C3C9 /* LinkModel.swift */ = {isa = PBXFileReference; lastKnownFileType = sourcecode.swift; path = LinkModel.swift; sourceTree = "<group>"; };
		E8E32C642AB9E5D2003CF072 /* UrlRequestProtocol.swift */ = {isa = PBXFileReference; lastKnownFileType = sourcecode.swift; name = UrlRequestProtocol.swift; path = ../Model/Login/UrlRequestProtocol.swift; sourceTree = "<group>"; };
		E8E32C692ABAD097003CF072 /* UserNetworkServiceRoute.swift */ = {isa = PBXFileReference; lastKnownFileType = sourcecode.swift; path = UserNetworkServiceRoute.swift; sourceTree = "<group>"; };
		E8E49AD72AA62DBF0079F820 /* HomeView.swift */ = {isa = PBXFileReference; lastKnownFileType = sourcecode.swift; path = HomeView.swift; sourceTree = "<group>"; };
		E8E49AD92AA62DE20079F820 /* HomeModel.swift */ = {isa = PBXFileReference; lastKnownFileType = sourcecode.swift; path = HomeModel.swift; sourceTree = "<group>"; };
		E8E526252AAA2349009635C6 /* homeGetAll.swift */ = {isa = PBXFileReference; lastKnownFileType = sourcecode.swift; path = homeGetAll.swift; sourceTree = "<group>"; };
		E8E5262A2AAF0B9A009635C6 /* fastGarageView.swift */ = {isa = PBXFileReference; lastKnownFileType = sourcecode.swift; path = fastGarageView.swift; sourceTree = "<group>"; };
		E8EAC63C2A90E90900BDFFA3 /* VerificationViewController.swift */ = {isa = PBXFileReference; lastKnownFileType = sourcecode.swift; path = VerificationViewController.swift; sourceTree = "<group>"; };
		E8EAC63E2A91F9E900BDFFA3 /* VerificationView.swift */ = {isa = PBXFileReference; lastKnownFileType = sourcecode.swift; path = VerificationView.swift; sourceTree = "<group>"; };
		E8EAC6402A92CC7C00BDFFA3 /* ResetPasswordViewController.swift */ = {isa = PBXFileReference; lastKnownFileType = sourcecode.swift; path = ResetPasswordViewController.swift; sourceTree = "<group>"; };
		E8EAC6422A92CCAB00BDFFA3 /* ResetPasswordView.swift */ = {isa = PBXFileReference; lastKnownFileType = sourcecode.swift; path = ResetPasswordView.swift; sourceTree = "<group>"; };
		E8EAC6482A93A5EA00BDFFA3 /* MailVerifyViewController.swift */ = {isa = PBXFileReference; lastKnownFileType = sourcecode.swift; path = MailVerifyViewController.swift; sourceTree = "<group>"; };
		E8EAC64A2A93A60200BDFFA3 /* MailVerifyView.swift */ = {isa = PBXFileReference; lastKnownFileType = sourcecode.swift; path = MailVerifyView.swift; sourceTree = "<group>"; };
		E8EAC64D2A93B36400BDFFA3 /* Poppins-Medium.ttf */ = {isa = PBXFileReference; lastKnownFileType = file; path = "Poppins-Medium.ttf"; sourceTree = "<group>"; };
		E8EAC64E2A93B36400BDFFA3 /* Poppins-Italic.ttf */ = {isa = PBXFileReference; lastKnownFileType = file; path = "Poppins-Italic.ttf"; sourceTree = "<group>"; };
		E8EAC64F2A93B36400BDFFA3 /* Poppins-ExtraBoldItalic.ttf */ = {isa = PBXFileReference; lastKnownFileType = file; path = "Poppins-ExtraBoldItalic.ttf"; sourceTree = "<group>"; };
		E8EAC6502A93B36400BDFFA3 /* Poppins-Bold.ttf */ = {isa = PBXFileReference; lastKnownFileType = file; path = "Poppins-Bold.ttf"; sourceTree = "<group>"; };
		E8EAC6512A93B36400BDFFA3 /* Poppins-SemiBold.ttf */ = {isa = PBXFileReference; lastKnownFileType = file; path = "Poppins-SemiBold.ttf"; sourceTree = "<group>"; };
		E8EAC6522A93B36400BDFFA3 /* Poppins-SemiBoldItalic.ttf */ = {isa = PBXFileReference; lastKnownFileType = file; path = "Poppins-SemiBoldItalic.ttf"; sourceTree = "<group>"; };
		E8EAC6532A93B36400BDFFA3 /* Poppins-Thin.ttf */ = {isa = PBXFileReference; lastKnownFileType = file; path = "Poppins-Thin.ttf"; sourceTree = "<group>"; };
		E8EAC6542A93B36400BDFFA3 /* Poppins-ExtraLightItalic.ttf */ = {isa = PBXFileReference; lastKnownFileType = file; path = "Poppins-ExtraLightItalic.ttf"; sourceTree = "<group>"; };
		E8EAC6552A93B36400BDFFA3 /* Poppins-ExtraLight.ttf */ = {isa = PBXFileReference; lastKnownFileType = file; path = "Poppins-ExtraLight.ttf"; sourceTree = "<group>"; };
		E8EAC6562A93B36400BDFFA3 /* Poppins-BlackItalic.ttf */ = {isa = PBXFileReference; lastKnownFileType = file; path = "Poppins-BlackItalic.ttf"; sourceTree = "<group>"; };
		E8EAC6572A93B36500BDFFA3 /* Poppins-Light.ttf */ = {isa = PBXFileReference; lastKnownFileType = file; path = "Poppins-Light.ttf"; sourceTree = "<group>"; };
		E8EAC6582A93B36500BDFFA3 /* Poppins-ThinItalic.ttf */ = {isa = PBXFileReference; lastKnownFileType = file; path = "Poppins-ThinItalic.ttf"; sourceTree = "<group>"; };
		E8EAC6592A93B36500BDFFA3 /* Poppins-Black.ttf */ = {isa = PBXFileReference; lastKnownFileType = file; path = "Poppins-Black.ttf"; sourceTree = "<group>"; };
		E8EAC65A2A93B36500BDFFA3 /* Poppins-BoldItalic.ttf */ = {isa = PBXFileReference; lastKnownFileType = file; path = "Poppins-BoldItalic.ttf"; sourceTree = "<group>"; };
		E8EAC65B2A93B36500BDFFA3 /* Poppins-MediumItalic.ttf */ = {isa = PBXFileReference; lastKnownFileType = file; path = "Poppins-MediumItalic.ttf"; sourceTree = "<group>"; };
		E8EAC65C2A93B36500BDFFA3 /* Poppins-Regular.ttf */ = {isa = PBXFileReference; lastKnownFileType = file; path = "Poppins-Regular.ttf"; sourceTree = "<group>"; };
		E8EAC65D2A93B36500BDFFA3 /* Poppins-ExtraBold.ttf */ = {isa = PBXFileReference; lastKnownFileType = file; path = "Poppins-ExtraBold.ttf"; sourceTree = "<group>"; };
		E8EAC65E2A93B36500BDFFA3 /* Poppins-LightItalic.ttf */ = {isa = PBXFileReference; lastKnownFileType = file; path = "Poppins-LightItalic.ttf"; sourceTree = "<group>"; };
		E8F134462A8FAEA30053CCD0 /* PasswordModel.swift */ = {isa = PBXFileReference; lastKnownFileType = sourcecode.swift; path = PasswordModel.swift; sourceTree = "<group>"; };
		E8F201E72A802575001685DA /* SplashScreenViewController.swift */ = {isa = PBXFileReference; lastKnownFileType = sourcecode.swift; path = SplashScreenViewController.swift; sourceTree = "<group>"; };
		E8F201F62A8258F9001685DA /* OnboardingPage.swift */ = {isa = PBXFileReference; lastKnownFileType = sourcecode.swift; path = OnboardingPage.swift; sourceTree = "<group>"; };
		E8F201F92A82591C001685DA /* SplashScreenView.swift */ = {isa = PBXFileReference; lastKnownFileType = sourcecode.swift; path = SplashScreenView.swift; sourceTree = "<group>"; };
		E8F201FF2A82596B001685DA /* OnboardingView.swift */ = {isa = PBXFileReference; lastKnownFileType = sourcecode.swift; path = OnboardingView.swift; sourceTree = "<group>"; };
		E8F202032A83AA18001685DA /* LoginViewController.swift */ = {isa = PBXFileReference; lastKnownFileType = sourcecode.swift; path = LoginViewController.swift; sourceTree = "<group>"; };
		E8F202092A83C91C001685DA /* LoginScreenView.swift */ = {isa = PBXFileReference; lastKnownFileType = sourcecode.swift; path = LoginScreenView.swift; sourceTree = "<group>"; };
		E8F2020B2A83F03E001685DA /* Ext + UIView.swift */ = {isa = PBXFileReference; lastKnownFileType = sourcecode.swift; path = "Ext + UIView.swift"; sourceTree = "<group>"; };
		E8F2020D2A83F6DC001685DA /* UserCredentials.swift */ = {isa = PBXFileReference; lastKnownFileType = sourcecode.swift; path = UserCredentials.swift; sourceTree = "<group>"; };
		E8F2025C2A8BBC13001685DA /* Ext + UIColor.swift */ = {isa = PBXFileReference; lastKnownFileType = sourcecode.swift; path = "Ext + UIColor.swift"; sourceTree = "<group>"; };
/* End PBXFileReference section */

/* Begin PBXFrameworksBuildPhase section */
		E8384FB02A7BF7A8005FE9F5 /* Frameworks */ = {
			isa = PBXFrameworksBuildPhase;
			buildActionMask = 2147483647;
			files = (
				E85DB6912B275CD600364A3F /* FirebaseDatabaseSwift in Frameworks */,
				E8A4B0042AB8428C0020C9CA /* Kingfisher in Frameworks */,
				E85DB6A92B275CD600364A3F /* FirebasePerformance in Frameworks */,
				E85DB6AB2B275CD600364A3F /* FirebaseRemoteConfig in Frameworks */,
				E85DB67F2B275CD600364A3F /* FirebaseAnalyticsOnDeviceConversion in Frameworks */,
				E85DB6A32B275CD600364A3F /* FirebaseInstallations in Frameworks */,
				E85DB6972B275CD600364A3F /* FirebaseFirestoreCombine-Community in Frameworks */,
				E85DB6A12B275CD600364A3F /* FirebaseInAppMessagingSwift-Beta in Frameworks */,
				31CB84873495460EA9F03931 /* Pods_TomofilyaC.framework in Frameworks */,
				E85DB6A52B275CD600364A3F /* FirebaseMLModelDownloader in Frameworks */,
				E85DB6A72B275CD600364A3F /* FirebaseMessaging in Frameworks */,
				E85DB6992B275CD600364A3F /* FirebaseFirestoreSwift in Frameworks */,
				E85DB6952B275CD600364A3F /* FirebaseFirestore in Frameworks */,
				E85DB69B2B275CD600364A3F /* FirebaseFunctions in Frameworks */,
				E85245762AC3B83D00B4CB81 /* GoogleSignIn in Frameworks */,
				E85DB6812B275CD600364A3F /* FirebaseAnalyticsSwift in Frameworks */,
				E85DB67D2B275CD600364A3F /* FirebaseAnalytics in Frameworks */,
				E85245782AC3B83D00B4CB81 /* GoogleSignInSwift in Frameworks */,
				E85DB68B2B275CD600364A3F /* FirebaseAuthCombine-Community in Frameworks */,
				E85DB6892B275CD600364A3F /* FirebaseAuth in Frameworks */,
				E85DB69D2B275CD600364A3F /* FirebaseFunctionsCombine-Community in Frameworks */,
				E85DB68D2B275CD600364A3F /* FirebaseCrashlytics in Frameworks */,
				E85DB6932B275CD600364A3F /* FirebaseDynamicLinks in Frameworks */,
				E85DB6AF2B275CD600364A3F /* FirebaseStorage in Frameworks */,
				E85DB69F2B275CD600364A3F /* FirebaseInAppMessaging-Beta in Frameworks */,
				E85DB6AD2B275CD600364A3F /* FirebaseRemoteConfigSwift in Frameworks */,
				E85DB6872B275CD600364A3F /* FirebaseAppDistribution-Beta in Frameworks */,
				E85DB6B12B275CD600364A3F /* FirebaseStorageCombine-Community in Frameworks */,
				E85DB6852B275CD600364A3F /* FirebaseAppCheck in Frameworks */,
				E85DB68F2B275CD600364A3F /* FirebaseDatabase in Frameworks */,
				E85DB6832B275CD600364A3F /* FirebaseAnalyticsWithoutAdIdSupport in Frameworks */,
			);
			runOnlyForDeploymentPostprocessing = 0;
		};
/* End PBXFrameworksBuildPhase section */

/* Begin PBXGroup section */
		6E52F0345EE8AAC9F77A78FF /* Frameworks */ = {
			isa = PBXGroup;
			children = (
				CCB5CECF8DD0BB97BB968960 /* Pods_TomofilyaC.framework */,
			);
			name = Frameworks;
			sourceTree = "<group>";
		};
		DC24579FAD65B58F43F8D148 /* Pods */ = {
			isa = PBXGroup;
			children = (
				BA2C2D47ADC31201B808DC1C /* Pods-TomofilyaC.debug.xcconfig */,
				1DB723A27EE36686408388C2 /* Pods-TomofilyaC.release.xcconfig */,
			);
			path = Pods;
			sourceTree = "<group>";
		};
		E812AEA92A94936A00E7CF9D /* Verify */ = {
			isa = PBXGroup;
			children = (
				E8EAC6482A93A5EA00BDFFA3 /* MailVerifyViewController.swift */,
			);
			path = Verify;
			sourceTree = "<group>";
		};
		E812AEAA2A94937E00E7CF9D /* Verify */ = {
			isa = PBXGroup;
			children = (
				E8EAC64A2A93A60200BDFFA3 /* MailVerifyView.swift */,
			);
			path = Verify;
			sourceTree = "<group>";
		};
		E8384FAA2A7BF7A8005FE9F5 = {
			isa = PBXGroup;
			children = (
				E8384FB52A7BF7A8005FE9F5 /* TomofilyaC */,
				E8384FB42A7BF7A8005FE9F5 /* Products */,
				DC24579FAD65B58F43F8D148 /* Pods */,
				6E52F0345EE8AAC9F77A78FF /* Frameworks */,
			);
			sourceTree = "<group>";
		};
		E8384FB42A7BF7A8005FE9F5 /* Products */ = {
			isa = PBXGroup;
			children = (
				E8384FB32A7BF7A8005FE9F5 /* TomofilyaC.app */,
			);
			name = Products;
			sourceTree = "<group>";
		};
		E8384FB52A7BF7A8005FE9F5 /* TomofilyaC */ = {
			isa = PBXGroup;
			children = (
				E8E32C682ABAD043003CF072 /* Service */,
				E8EAC64C2A93B33200BDFFA3 /* Fonts */,
				E8F201EF2A824016001685DA /* Extensions */,
				E8384FCC2A7BF800005FE9F5 /* Controller */,
				E8384FCB2A7BF7F6005FE9F5 /* Model */,
				E8384FCA2A7BF7F0005FE9F5 /* View */,
				E8E526202AA9C590009635C6 /* Settings */,
				E8384FBF2A7BF7AB005FE9F5 /* Assets.xcassets */,
				E8384FC12A7BF7AB005FE9F5 /* LaunchScreen.storyboard */,
				E8384FC42A7BF7AB005FE9F5 /* Info.plist */,
			);
			path = TomofilyaC;
			sourceTree = "<group>";
		};
		E8384FCA2A7BF7F0005FE9F5 /* View */ = {
			isa = PBXGroup;
			children = (
				E8DB74582A9CE4E80084AB29 /* TabBar */,
				E8834C252A8F92BC002853D8 /* ForgotPassword */,
				E8F202082A83C907001685DA /* Login */,
				E8F202052A83AAD1001685DA /* Onboarding */,
				E8F202012A83A9D0001685DA /* SplashScreen */,
			);
			path = View;
			sourceTree = "<group>";
		};
		E8384FCB2A7BF7F6005FE9F5 /* Model */ = {
			isa = PBXGroup;
			children = (
				E8D6248D2ABC385E00267FD8 /* ServiceModel */,
				E8E5261F2AA9C582009635C6 /* Onboarding */,
				E8E5261E2AA9C561009635C6 /* Login */,
				E8E5261D2AA9C552009635C6 /* Home */,
			);
			path = Model;
			sourceTree = "<group>";
		};
		E8384FCC2A7BF800005FE9F5 /* Controller */ = {
			isa = PBXGroup;
			children = (
				E8D00B932AC716EC007405BD /* HomeCollection */,
				E8DB74462A9CB6240084AB29 /* TabbarControllers */,
				E8834C222A8F9264002853D8 /* ForgotPasswordViewController */,
				E8F201EE2A8222F2001685DA /* SplashScreenViewController */,
				E8F201ED2A8222E1001685DA /* OnboardingViewController */,
				E8F202022A83A9F0001685DA /* LoginScreenViewController */,
			);
			path = Controller;
			sourceTree = "<group>";
		};
		E8834C222A8F9264002853D8 /* ForgotPasswordViewController */ = {
			isa = PBXGroup;
			children = (
				E8834C232A8F9286002853D8 /* ForgotPasswordViewController.swift */,
				E8EAC63C2A90E90900BDFFA3 /* VerificationViewController.swift */,
				E8EAC6402A92CC7C00BDFFA3 /* ResetPasswordViewController.swift */,
			);
			path = ForgotPasswordViewController;
			sourceTree = "<group>";
		};
		E8834C252A8F92BC002853D8 /* ForgotPassword */ = {
			isa = PBXGroup;
			children = (
				E8834C262A8F92CB002853D8 /* ForgotPasswordView.swift */,
				E8EAC63E2A91F9E900BDFFA3 /* VerificationView.swift */,
				E8EAC6422A92CCAB00BDFFA3 /* ResetPasswordView.swift */,
			);
			path = ForgotPassword;
			sourceTree = "<group>";
		};
		E8873F232AC3060D00362E46 /* SocialLogin */ = {
			isa = PBXGroup;
			children = (
				E8873F242AC3062500362E46 /* SocialLoginController.swift */,
			);
			path = SocialLogin;
			sourceTree = "<group>";
		};
		E8A4B0012AB497A10020C9CA /* Product */ = {
			isa = PBXGroup;
			children = (
			);
			path = Product;
			sourceTree = "<group>";
		};
		E8D00B932AC716EC007405BD /* HomeCollection */ = {
			isa = PBXGroup;
			children = (
				E8E5261A2AA9BD7F009635C6 /* CollectionViewCells */,
			);
			path = HomeCollection;
			sourceTree = "<group>";
		};
		E8D6248D2ABC385E00267FD8 /* ServiceModel */ = {
			isa = PBXGroup;
			children = (
				E8D6249A2ABC3FA300267FD8 /* LoginResponseModel.swift */,
				E8D6249D2ABC443A00267FD8 /* RegisterResponseModel.swift */,
				E8D6249F2ABC457A00267FD8 /* SocialResponseModel.swift */,
				E8D624A12ABC6F9000267FD8 /* SendVerificationResponse.swift */,
				E8D624A32ABC93C200267FD8 /* VerifyCodeRespons.swift */,
				E8D624A52ABCEDC200267FD8 /* PasswordResetResponse.swift */,
			);
			path = ServiceModel;
			sourceTree = "<group>";
		};
		E8DB74462A9CB6240084AB29 /* TabbarControllers */ = {
			isa = PBXGroup;
			children = (
				E8DB74562A9CD27B0084AB29 /* TabBarController.swift */,
				E8DB744E2A9CD1AE0084AB29 /* MessageController.swift */,
				E8DB74502A9CD1BE0084AB29 /* GarageController.swift */,
				E8DB74522A9CD1EF0084AB29 /* ShopController.swift */,
				E8DB74542A9CD1FA0084AB29 /* ProfileController.swift */,
			);
			path = TabbarControllers;
			sourceTree = "<group>";
		};
		E8DB74582A9CE4E80084AB29 /* TabBar */ = {
			isa = PBXGroup;
			children = (
				E8E526292AAF0B76009635C6 /* Home */,
			);
			path = TabBar;
			sourceTree = "<group>";
		};
		E8E32C682ABAD043003CF072 /* Service */ = {
			isa = PBXGroup;
			children = (
				E8DD60C32A8E39C100B5C3C9 /* NetworkService.swift */,
				E8E32C642AB9E5D2003CF072 /* UrlRequestProtocol.swift */,
				E8E32C692ABAD097003CF072 /* UserNetworkServiceRoute.swift */,
				E812AEAB2A94A5CC00E7CF9D /* SocialPlatform.swift */,
			);
			path = Service;
			sourceTree = "<group>";
		};
		E8E5261A2AA9BD7F009635C6 /* CollectionViewCells */ = {
			isa = PBXGroup;
			children = (
				E8DB74482A9CB8A10084AB29 /* HomeCollectionViewController.swift */,
				E8B188D92ACADAB900920A25 /* CategoryCollectionCell.swift */,
			);
			path = CollectionViewCells;
			sourceTree = "<group>";
		};
		E8E5261D2AA9C552009635C6 /* Home */ = {
			isa = PBXGroup;
			children = (
				E8E526252AAA2349009635C6 /* homeGetAll.swift */,
				E8E49AD92AA62DE20079F820 /* HomeModel.swift */,
				E84AD9442AA8653000150296 /* CategoryItem.swift */,
			);
			path = Home;
			sourceTree = "<group>";
		};
		E8E5261E2AA9C561009635C6 /* Login */ = {
			isa = PBXGroup;
			children = (
				E8F2020D2A83F6DC001685DA /* UserCredentials.swift */,
				E8DD60C92A8F01A200B5C3C9 /* LinkModel.swift */,
				E8F134462A8FAEA30053CCD0 /* PasswordModel.swift */,
				E8BC16D82A97DF7600EDA8CB /* GidToken.swift */,
				E88D8F652AC1A3E900D9D4D6 /* ConfigureModel.swift */,
			);
			path = Login;
			sourceTree = "<group>";
		};
		E8E5261F2AA9C582009635C6 /* Onboarding */ = {
			isa = PBXGroup;
			children = (
				E8F201F62A8258F9001685DA /* OnboardingPage.swift */,
			);
			path = Onboarding;
			sourceTree = "<group>";
		};
		E8E526202AA9C590009635C6 /* Settings */ = {
			isa = PBXGroup;
			children = (
				E85DB6B22B275E6500364A3F /* GoogleService-Info.plist */,
				E8384FB82A7BF7A8005FE9F5 /* SceneDelegate.swift */,
				E8384FB62A7BF7A8005FE9F5 /* AppDelegate.swift */,
			);
			path = Settings;
			sourceTree = "<group>";
		};
		E8E526292AAF0B76009635C6 /* Home */ = {
			isa = PBXGroup;
			children = (
				E8A4B0012AB497A10020C9CA /* Product */,
				E8E49AD72AA62DBF0079F820 /* HomeView.swift */,
				E8E5262A2AAF0B9A009635C6 /* fastGarageView.swift */,
				E8A4AFDC2AAF6B200020C9CA /* ProductsView.swift */,
			);
			path = Home;
			sourceTree = "<group>";
		};
		E8EAC64C2A93B33200BDFFA3 /* Fonts */ = {
			isa = PBXGroup;
			children = (
				E8EAC6592A93B36500BDFFA3 /* Poppins-Black.ttf */,
				E8EAC6562A93B36400BDFFA3 /* Poppins-BlackItalic.ttf */,
				E8EAC6502A93B36400BDFFA3 /* Poppins-Bold.ttf */,
				E8EAC65A2A93B36500BDFFA3 /* Poppins-BoldItalic.ttf */,
				E8EAC65D2A93B36500BDFFA3 /* Poppins-ExtraBold.ttf */,
				E8EAC64F2A93B36400BDFFA3 /* Poppins-ExtraBoldItalic.ttf */,
				E8EAC6552A93B36400BDFFA3 /* Poppins-ExtraLight.ttf */,
				E8EAC6542A93B36400BDFFA3 /* Poppins-ExtraLightItalic.ttf */,
				E8EAC64E2A93B36400BDFFA3 /* Poppins-Italic.ttf */,
				E8EAC6572A93B36500BDFFA3 /* Poppins-Light.ttf */,
				E8EAC65E2A93B36500BDFFA3 /* Poppins-LightItalic.ttf */,
				E8EAC64D2A93B36400BDFFA3 /* Poppins-Medium.ttf */,
				E8EAC65B2A93B36500BDFFA3 /* Poppins-MediumItalic.ttf */,
				E8EAC65C2A93B36500BDFFA3 /* Poppins-Regular.ttf */,
				E8EAC6512A93B36400BDFFA3 /* Poppins-SemiBold.ttf */,
				E8EAC6522A93B36400BDFFA3 /* Poppins-SemiBoldItalic.ttf */,
				E8EAC6532A93B36400BDFFA3 /* Poppins-Thin.ttf */,
				E8EAC6582A93B36500BDFFA3 /* Poppins-ThinItalic.ttf */,
			);
			path = Fonts;
			sourceTree = "<group>";
		};
		E8F201ED2A8222E1001685DA /* OnboardingViewController */ = {
			isa = PBXGroup;
			children = (
				E8384FBA2A7BF7A8005FE9F5 /* OnboardingViewController.swift */,
			);
			path = OnboardingViewController;
			sourceTree = "<group>";
		};
		E8F201EE2A8222F2001685DA /* SplashScreenViewController */ = {
			isa = PBXGroup;
			children = (
				E8F201E72A802575001685DA /* SplashScreenViewController.swift */,
			);
			path = SplashScreenViewController;
			sourceTree = "<group>";
		};
		E8F201EF2A824016001685DA /* Extensions */ = {
			isa = PBXGroup;
			children = (
				E8F2020B2A83F03E001685DA /* Ext + UIView.swift */,
				E8F2025C2A8BBC13001685DA /* Ext + UIColor.swift */,
			);
			path = Extensions;
			sourceTree = "<group>";
		};
		E8F202012A83A9D0001685DA /* SplashScreen */ = {
			isa = PBXGroup;
			children = (
				E8F201F92A82591C001685DA /* SplashScreenView.swift */,
			);
			path = SplashScreen;
			sourceTree = "<group>";
		};
		E8F202022A83A9F0001685DA /* LoginScreenViewController */ = {
			isa = PBXGroup;
			children = (
				E8873F232AC3060D00362E46 /* SocialLogin */,
				E812AEA92A94936A00E7CF9D /* Verify */,
				E8F202032A83AA18001685DA /* LoginViewController.swift */,
			);
			path = LoginScreenViewController;
			sourceTree = "<group>";
		};
		E8F202052A83AAD1001685DA /* Onboarding */ = {
			isa = PBXGroup;
			children = (
				E8F201FF2A82596B001685DA /* OnboardingView.swift */,
			);
			path = Onboarding;
			sourceTree = "<group>";
		};
		E8F202082A83C907001685DA /* Login */ = {
			isa = PBXGroup;
			children = (
				E812AEAA2A94937E00E7CF9D /* Verify */,
				E8F202092A83C91C001685DA /* LoginScreenView.swift */,
			);
			path = Login;
			sourceTree = "<group>";
		};
/* End PBXGroup section */

/* Begin PBXNativeTarget section */
		E8384FB22A7BF7A8005FE9F5 /* TomofilyaC */ = {
			isa = PBXNativeTarget;
			buildConfigurationList = E8384FC72A7BF7AB005FE9F5 /* Build configuration list for PBXNativeTarget "TomofilyaC" */;
			buildPhases = (
				05C82769DBA96CAD359D7A84 /* [CP] Check Pods Manifest.lock */,
				E8384FAF2A7BF7A8005FE9F5 /* Sources */,
				E8384FB02A7BF7A8005FE9F5 /* Frameworks */,
				E8384FB12A7BF7A8005FE9F5 /* Resources */,
				5EC5E06E8FCC5F49ECC4CBA0 /* [CP] Embed Pods Frameworks */,
			);
			buildRules = (
			);
			dependencies = (
			);
			name = TomofilyaC;
			packageProductDependencies = (
				E8A4B0032AB8428C0020C9CA /* Kingfisher */,
				E85245752AC3B83D00B4CB81 /* GoogleSignIn */,
				E85245772AC3B83D00B4CB81 /* GoogleSignInSwift */,
				E85DB67C2B275CD600364A3F /* FirebaseAnalytics */,
				E85DB67E2B275CD600364A3F /* FirebaseAnalyticsOnDeviceConversion */,
				E85DB6802B275CD600364A3F /* FirebaseAnalyticsSwift */,
				E85DB6822B275CD600364A3F /* FirebaseAnalyticsWithoutAdIdSupport */,
				E85DB6842B275CD600364A3F /* FirebaseAppCheck */,
				E85DB6862B275CD600364A3F /* FirebaseAppDistribution-Beta */,
				E85DB6882B275CD600364A3F /* FirebaseAuth */,
				E85DB68A2B275CD600364A3F /* FirebaseAuthCombine-Community */,
				E85DB68C2B275CD600364A3F /* FirebaseCrashlytics */,
				E85DB68E2B275CD600364A3F /* FirebaseDatabase */,
				E85DB6902B275CD600364A3F /* FirebaseDatabaseSwift */,
				E85DB6922B275CD600364A3F /* FirebaseDynamicLinks */,
				E85DB6942B275CD600364A3F /* FirebaseFirestore */,
				E85DB6962B275CD600364A3F /* FirebaseFirestoreCombine-Community */,
				E85DB6982B275CD600364A3F /* FirebaseFirestoreSwift */,
				E85DB69A2B275CD600364A3F /* FirebaseFunctions */,
				E85DB69C2B275CD600364A3F /* FirebaseFunctionsCombine-Community */,
				E85DB69E2B275CD600364A3F /* FirebaseInAppMessaging-Beta */,
				E85DB6A02B275CD600364A3F /* FirebaseInAppMessagingSwift-Beta */,
				E85DB6A22B275CD600364A3F /* FirebaseInstallations */,
				E85DB6A42B275CD600364A3F /* FirebaseMLModelDownloader */,
				E85DB6A62B275CD600364A3F /* FirebaseMessaging */,
				E85DB6A82B275CD600364A3F /* FirebasePerformance */,
				E85DB6AA2B275CD600364A3F /* FirebaseRemoteConfig */,
				E85DB6AC2B275CD600364A3F /* FirebaseRemoteConfigSwift */,
				E85DB6AE2B275CD600364A3F /* FirebaseStorage */,
				E85DB6B02B275CD600364A3F /* FirebaseStorageCombine-Community */,
			);
			productName = TomofilyaC;
			productReference = E8384FB32A7BF7A8005FE9F5 /* TomofilyaC.app */;
			productType = "com.apple.product-type.application";
		};
/* End PBXNativeTarget section */

/* Begin PBXProject section */
		E8384FAB2A7BF7A8005FE9F5 /* Project object */ = {
			isa = PBXProject;
			attributes = {
				BuildIndependentTargetsInParallel = 1;
				LastSwiftUpdateCheck = 1430;
				LastUpgradeCheck = 1430;
				TargetAttributes = {
					E8384FB22A7BF7A8005FE9F5 = {
						CreatedOnToolsVersion = 14.3.1;
					};
				};
			};
			buildConfigurationList = E8384FAE2A7BF7A8005FE9F5 /* Build configuration list for PBXProject "TomofilyaC" */;
			compatibilityVersion = "Xcode 14.0";
			developmentRegion = en;
			hasScannedForEncodings = 0;
			knownRegions = (
				en,
				Base,
			);
			mainGroup = E8384FAA2A7BF7A8005FE9F5;
			packageReferences = (
				E8A4B0022AB8428C0020C9CA /* XCRemoteSwiftPackageReference "Kingfisher" */,
				E85245742AC3B83D00B4CB81 /* XCRemoteSwiftPackageReference "GoogleSignIn-iOS" */,
				E85DB67B2B275CD600364A3F /* XCRemoteSwiftPackageReference "firebase-ios-sdk" */,
			);
			productRefGroup = E8384FB42A7BF7A8005FE9F5 /* Products */;
			projectDirPath = "";
			projectRoot = "";
			targets = (
				E8384FB22A7BF7A8005FE9F5 /* TomofilyaC */,
			);
		};
/* End PBXProject section */

/* Begin PBXResourcesBuildPhase section */
		E8384FB12A7BF7A8005FE9F5 /* Resources */ = {
			isa = PBXResourcesBuildPhase;
			buildActionMask = 2147483647;
			files = (
				E8EAC65F2A93B36500BDFFA3 /* Poppins-Medium.ttf in Resources */,
				E8EAC6692A93B36500BDFFA3 /* Poppins-Light.ttf in Resources */,
				E8EAC6642A93B36500BDFFA3 /* Poppins-SemiBoldItalic.ttf in Resources */,
				E8EAC66E2A93B36500BDFFA3 /* Poppins-Regular.ttf in Resources */,
				E85DB6B32B275E6500364A3F /* GoogleService-Info.plist in Resources */,
				E8EAC6662A93B36500BDFFA3 /* Poppins-ExtraLightItalic.ttf in Resources */,
				E8EAC6632A93B36500BDFFA3 /* Poppins-SemiBold.ttf in Resources */,
				E8EAC66A2A93B36500BDFFA3 /* Poppins-ThinItalic.ttf in Resources */,
				E8EAC6682A93B36500BDFFA3 /* Poppins-BlackItalic.ttf in Resources */,
				E8EAC6652A93B36500BDFFA3 /* Poppins-Thin.ttf in Resources */,
				E8EAC6622A93B36500BDFFA3 /* Poppins-Bold.ttf in Resources */,
				E8EAC66B2A93B36500BDFFA3 /* Poppins-Black.ttf in Resources */,
				E8EAC6702A93B36500BDFFA3 /* Poppins-LightItalic.ttf in Resources */,
				E8EAC66F2A93B36500BDFFA3 /* Poppins-ExtraBold.ttf in Resources */,
				E8384FC32A7BF7AB005FE9F5 /* LaunchScreen.storyboard in Resources */,
				E8EAC66D2A93B36500BDFFA3 /* Poppins-MediumItalic.ttf in Resources */,
				E8EAC6672A93B36500BDFFA3 /* Poppins-ExtraLight.ttf in Resources */,
				E8EAC6602A93B36500BDFFA3 /* Poppins-Italic.ttf in Resources */,
				E8384FC02A7BF7AB005FE9F5 /* Assets.xcassets in Resources */,
				E8EAC6612A93B36500BDFFA3 /* Poppins-ExtraBoldItalic.ttf in Resources */,
				E8EAC66C2A93B36500BDFFA3 /* Poppins-BoldItalic.ttf in Resources */,
			);
			runOnlyForDeploymentPostprocessing = 0;
		};
/* End PBXResourcesBuildPhase section */

/* Begin PBXShellScriptBuildPhase section */
		05C82769DBA96CAD359D7A84 /* [CP] Check Pods Manifest.lock */ = {
			isa = PBXShellScriptBuildPhase;
			buildActionMask = 2147483647;
			files = (
			);
			inputFileListPaths = (
			);
			inputPaths = (
				"${PODS_PODFILE_DIR_PATH}/Podfile.lock",
				"${PODS_ROOT}/Manifest.lock",
			);
			name = "[CP] Check Pods Manifest.lock";
			outputFileListPaths = (
			);
			outputPaths = (
				"$(DERIVED_FILE_DIR)/Pods-TomofilyaC-checkManifestLockResult.txt",
			);
			runOnlyForDeploymentPostprocessing = 0;
			shellPath = /bin/sh;
			shellScript = "diff \"${PODS_PODFILE_DIR_PATH}/Podfile.lock\" \"${PODS_ROOT}/Manifest.lock\" > /dev/null\nif [ $? != 0 ] ; then\n    # print error to STDERR\n    echo \"error: The sandbox is not in sync with the Podfile.lock. Run 'pod install' or update your CocoaPods installation.\" >&2\n    exit 1\nfi\n# This output is used by Xcode 'outputs' to avoid re-running this script phase.\necho \"SUCCESS\" > \"${SCRIPT_OUTPUT_FILE_0}\"\n";
			showEnvVarsInLog = 0;
		};
		5EC5E06E8FCC5F49ECC4CBA0 /* [CP] Embed Pods Frameworks */ = {
			isa = PBXShellScriptBuildPhase;
			buildActionMask = 2147483647;
			files = (
			);
			inputFileListPaths = (
				"${PODS_ROOT}/Target Support Files/Pods-TomofilyaC/Pods-TomofilyaC-frameworks-${CONFIGURATION}-input-files.xcfilelist",
			);
			name = "[CP] Embed Pods Frameworks";
			outputFileListPaths = (
				"${PODS_ROOT}/Target Support Files/Pods-TomofilyaC/Pods-TomofilyaC-frameworks-${CONFIGURATION}-output-files.xcfilelist",
			);
			runOnlyForDeploymentPostprocessing = 0;
			shellPath = /bin/sh;
			shellScript = "\"${PODS_ROOT}/Target Support Files/Pods-TomofilyaC/Pods-TomofilyaC-frameworks.sh\"\n";
			showEnvVarsInLog = 0;
		};
/* End PBXShellScriptBuildPhase section */

/* Begin PBXSourcesBuildPhase section */
		E8384FAF2A7BF7A8005FE9F5 /* Sources */ = {
			isa = PBXSourcesBuildPhase;
			buildActionMask = 2147483647;
			files = (
				E8384FBB2A7BF7A8005FE9F5 /* OnboardingViewController.swift in Sources */,
				E8B188DA2ACADAB900920A25 /* CategoryCollectionCell.swift in Sources */,
				E8E32C652AB9E5D2003CF072 /* UrlRequestProtocol.swift in Sources */,
				E8DB74572A9CD27B0084AB29 /* TabBarController.swift in Sources */,
				E8834C272A8F92CB002853D8 /* ForgotPasswordView.swift in Sources */,
				E8DD60C42A8E39C100B5C3C9 /* NetworkService.swift in Sources */,
				E8E5262B2AAF0B9A009635C6 /* fastGarageView.swift in Sources */,
				E8D6249E2ABC443A00267FD8 /* RegisterResponseModel.swift in Sources */,
				E8A4AFDD2AAF6B200020C9CA /* ProductsView.swift in Sources */,
				E8D624A22ABC6F9000267FD8 /* SendVerificationResponse.swift in Sources */,
				E8D624A62ABCEDC200267FD8 /* PasswordResetResponse.swift in Sources */,
				E8F201E82A802575001685DA /* SplashScreenViewController.swift in Sources */,
				E84AD9452AA8653000150296 /* CategoryItem.swift in Sources */,
				E8EAC6492A93A5EA00BDFFA3 /* MailVerifyViewController.swift in Sources */,
				E8E526262AAA2349009635C6 /* homeGetAll.swift in Sources */,
				E8D624A42ABC93C200267FD8 /* VerifyCodeRespons.swift in Sources */,
				E8DB74552A9CD1FA0084AB29 /* ProfileController.swift in Sources */,
				E8D624A02ABC457A00267FD8 /* SocialResponseModel.swift in Sources */,
				E812AEAC2A94A5CC00E7CF9D /* SocialPlatform.swift in Sources */,
				E8F2020A2A83C91C001685DA /* LoginScreenView.swift in Sources */,
				E8F202042A83AA18001685DA /* LoginViewController.swift in Sources */,
				E8EAC6412A92CC7C00BDFFA3 /* ResetPasswordViewController.swift in Sources */,
				E8384FB72A7BF7A8005FE9F5 /* AppDelegate.swift in Sources */,
				E8EAC64B2A93A60200BDFFA3 /* MailVerifyView.swift in Sources */,
				E8F201F72A8258F9001685DA /* OnboardingPage.swift in Sources */,
				E8F2025D2A8BBC13001685DA /* Ext + UIColor.swift in Sources */,
				E8F134472A8FAEA30053CCD0 /* PasswordModel.swift in Sources */,
				E8EAC63D2A90E90900BDFFA3 /* VerificationViewController.swift in Sources */,
				E8DB74512A9CD1BE0084AB29 /* GarageController.swift in Sources */,
				E8873F252AC3062500362E46 /* SocialLoginController.swift in Sources */,
				E8F201FA2A82591C001685DA /* SplashScreenView.swift in Sources */,
				E8EAC63F2A91F9E900BDFFA3 /* VerificationView.swift in Sources */,
				E88D8F662AC1A3E900D9D4D6 /* ConfigureModel.swift in Sources */,
				E8E32C6A2ABAD097003CF072 /* UserNetworkServiceRoute.swift in Sources */,
				E8DB74532A9CD1EF0084AB29 /* ShopController.swift in Sources */,
				E8F2020C2A83F03E001685DA /* Ext + UIView.swift in Sources */,
				E8EAC6432A92CCAB00BDFFA3 /* ResetPasswordView.swift in Sources */,
				E8F2020E2A83F6DC001685DA /* UserCredentials.swift in Sources */,
				E8D6249B2ABC3FA300267FD8 /* LoginResponseModel.swift in Sources */,
				E8BC16D92A97DF7600EDA8CB /* GidToken.swift in Sources */,
				E8E49ADA2AA62DE20079F820 /* HomeModel.swift in Sources */,
				E8834C242A8F9286002853D8 /* ForgotPasswordViewController.swift in Sources */,
				E8E49AD82AA62DBF0079F820 /* HomeView.swift in Sources */,
				E8DB744F2A9CD1AE0084AB29 /* MessageController.swift in Sources */,
				E8DB74492A9CB8A10084AB29 /* HomeCollectionViewController.swift in Sources */,
				E8DD60CA2A8F01A200B5C3C9 /* LinkModel.swift in Sources */,
				E8384FB92A7BF7A8005FE9F5 /* SceneDelegate.swift in Sources */,
				E8F202002A82596B001685DA /* OnboardingView.swift in Sources */,
			);
			runOnlyForDeploymentPostprocessing = 0;
		};
/* End PBXSourcesBuildPhase section */

/* Begin PBXVariantGroup section */
		E8384FC12A7BF7AB005FE9F5 /* LaunchScreen.storyboard */ = {
			isa = PBXVariantGroup;
			children = (
				E8384FC22A7BF7AB005FE9F5 /* Base */,
			);
			name = LaunchScreen.storyboard;
			sourceTree = "<group>";
		};
/* End PBXVariantGroup section */

/* Begin XCBuildConfiguration section */
		E8384FC52A7BF7AB005FE9F5 /* Debug */ = {
			isa = XCBuildConfiguration;
			buildSettings = {
				ALWAYS_SEARCH_USER_PATHS = NO;
				CLANG_ANALYZER_NONNULL = YES;
				CLANG_ANALYZER_NUMBER_OBJECT_CONVERSION = YES_AGGRESSIVE;
				CLANG_CXX_LANGUAGE_STANDARD = "gnu++20";
				CLANG_ENABLE_MODULES = YES;
				CLANG_ENABLE_OBJC_ARC = YES;
				CLANG_ENABLE_OBJC_WEAK = YES;
				CLANG_WARN_BLOCK_CAPTURE_AUTORELEASING = YES;
				CLANG_WARN_BOOL_CONVERSION = YES;
				CLANG_WARN_COMMA = YES;
				CLANG_WARN_CONSTANT_CONVERSION = YES;
				CLANG_WARN_DEPRECATED_OBJC_IMPLEMENTATIONS = YES;
				CLANG_WARN_DIRECT_OBJC_ISA_USAGE = YES_ERROR;
				CLANG_WARN_DOCUMENTATION_COMMENTS = YES;
				CLANG_WARN_EMPTY_BODY = YES;
				CLANG_WARN_ENUM_CONVERSION = YES;
				CLANG_WARN_INFINITE_RECURSION = YES;
				CLANG_WARN_INT_CONVERSION = YES;
				CLANG_WARN_NON_LITERAL_NULL_CONVERSION = YES;
				CLANG_WARN_OBJC_IMPLICIT_RETAIN_SELF = YES;
				CLANG_WARN_OBJC_LITERAL_CONVERSION = YES;
				CLANG_WARN_OBJC_ROOT_CLASS = YES_ERROR;
				CLANG_WARN_QUOTED_INCLUDE_IN_FRAMEWORK_HEADER = YES;
				CLANG_WARN_RANGE_LOOP_ANALYSIS = YES;
				CLANG_WARN_STRICT_PROTOTYPES = YES;
				CLANG_WARN_SUSPICIOUS_MOVE = YES;
				CLANG_WARN_UNGUARDED_AVAILABILITY = YES_AGGRESSIVE;
				CLANG_WARN_UNREACHABLE_CODE = YES;
				CLANG_WARN__DUPLICATE_METHOD_MATCH = YES;
				COPY_PHASE_STRIP = NO;
				DEBUG_INFORMATION_FORMAT = dwarf;
				ENABLE_STRICT_OBJC_MSGSEND = YES;
				ENABLE_TESTABILITY = YES;
				GCC_C_LANGUAGE_STANDARD = gnu11;
				GCC_DYNAMIC_NO_PIC = NO;
				GCC_NO_COMMON_BLOCKS = YES;
				GCC_OPTIMIZATION_LEVEL = 0;
				GCC_PREPROCESSOR_DEFINITIONS = (
					"DEBUG=1",
					"$(inherited)",
				);
				GCC_WARN_64_TO_32_BIT_CONVERSION = YES;
				GCC_WARN_ABOUT_RETURN_TYPE = YES_ERROR;
				GCC_WARN_UNDECLARED_SELECTOR = YES;
				GCC_WARN_UNINITIALIZED_AUTOS = YES_AGGRESSIVE;
				GCC_WARN_UNUSED_FUNCTION = YES;
				GCC_WARN_UNUSED_VARIABLE = YES;
				IPHONEOS_DEPLOYMENT_TARGET = 13.0;
				MTL_ENABLE_DEBUG_INFO = INCLUDE_SOURCE;
				MTL_FAST_MATH = YES;
				ONLY_ACTIVE_ARCH = YES;
				SDKROOT = iphoneos;
				SWIFT_ACTIVE_COMPILATION_CONDITIONS = DEBUG;
				SWIFT_OPTIMIZATION_LEVEL = "-Onone";
			};
			name = Debug;
		};
		E8384FC62A7BF7AB005FE9F5 /* Release */ = {
			isa = XCBuildConfiguration;
			buildSettings = {
				ALWAYS_SEARCH_USER_PATHS = NO;
				CLANG_ANALYZER_NONNULL = YES;
				CLANG_ANALYZER_NUMBER_OBJECT_CONVERSION = YES_AGGRESSIVE;
				CLANG_CXX_LANGUAGE_STANDARD = "gnu++20";
				CLANG_ENABLE_MODULES = YES;
				CLANG_ENABLE_OBJC_ARC = YES;
				CLANG_ENABLE_OBJC_WEAK = YES;
				CLANG_WARN_BLOCK_CAPTURE_AUTORELEASING = YES;
				CLANG_WARN_BOOL_CONVERSION = YES;
				CLANG_WARN_COMMA = YES;
				CLANG_WARN_CONSTANT_CONVERSION = YES;
				CLANG_WARN_DEPRECATED_OBJC_IMPLEMENTATIONS = YES;
				CLANG_WARN_DIRECT_OBJC_ISA_USAGE = YES_ERROR;
				CLANG_WARN_DOCUMENTATION_COMMENTS = YES;
				CLANG_WARN_EMPTY_BODY = YES;
				CLANG_WARN_ENUM_CONVERSION = YES;
				CLANG_WARN_INFINITE_RECURSION = YES;
				CLANG_WARN_INT_CONVERSION = YES;
				CLANG_WARN_NON_LITERAL_NULL_CONVERSION = YES;
				CLANG_WARN_OBJC_IMPLICIT_RETAIN_SELF = YES;
				CLANG_WARN_OBJC_LITERAL_CONVERSION = YES;
				CLANG_WARN_OBJC_ROOT_CLASS = YES_ERROR;
				CLANG_WARN_QUOTED_INCLUDE_IN_FRAMEWORK_HEADER = YES;
				CLANG_WARN_RANGE_LOOP_ANALYSIS = YES;
				CLANG_WARN_STRICT_PROTOTYPES = YES;
				CLANG_WARN_SUSPICIOUS_MOVE = YES;
				CLANG_WARN_UNGUARDED_AVAILABILITY = YES_AGGRESSIVE;
				CLANG_WARN_UNREACHABLE_CODE = YES;
				CLANG_WARN__DUPLICATE_METHOD_MATCH = YES;
				COPY_PHASE_STRIP = NO;
				DEBUG_INFORMATION_FORMAT = "dwarf-with-dsym";
				ENABLE_NS_ASSERTIONS = NO;
				ENABLE_STRICT_OBJC_MSGSEND = YES;
				GCC_C_LANGUAGE_STANDARD = gnu11;
				GCC_NO_COMMON_BLOCKS = YES;
				GCC_WARN_64_TO_32_BIT_CONVERSION = YES;
				GCC_WARN_ABOUT_RETURN_TYPE = YES_ERROR;
				GCC_WARN_UNDECLARED_SELECTOR = YES;
				GCC_WARN_UNINITIALIZED_AUTOS = YES_AGGRESSIVE;
				GCC_WARN_UNUSED_FUNCTION = YES;
				GCC_WARN_UNUSED_VARIABLE = YES;
				IPHONEOS_DEPLOYMENT_TARGET = 13.0;
				MTL_ENABLE_DEBUG_INFO = NO;
				MTL_FAST_MATH = YES;
				SDKROOT = iphoneos;
				SWIFT_COMPILATION_MODE = wholemodule;
				SWIFT_OPTIMIZATION_LEVEL = "-O";
				VALIDATE_PRODUCT = YES;
			};
			name = Release;
		};
		E8384FC82A7BF7AB005FE9F5 /* Debug */ = {
			isa = XCBuildConfiguration;
			baseConfigurationReference = BA2C2D47ADC31201B808DC1C /* Pods-TomofilyaC.debug.xcconfig */;
			buildSettings = {
				ASSETCATALOG_COMPILER_APPICON_NAME = AppIcon;
				ASSETCATALOG_COMPILER_GLOBAL_ACCENT_COLOR_NAME = AccentColor;
				CODE_SIGN_IDENTITY = "Apple Development";
				CODE_SIGN_STYLE = Automatic;
				CURRENT_PROJECT_VERSION = 1;
				DEVELOPMENT_TEAM = 7T569GVN5Q;
				GENERATE_INFOPLIST_FILE = YES;
				INFOPLIST_FILE = TomofilyaC/Info.plist;
				INFOPLIST_KEY_UIApplicationSupportsIndirectInputEvents = YES;
				INFOPLIST_KEY_UILaunchStoryboardName = LaunchScreen;
				INFOPLIST_KEY_UISupportedInterfaceOrientations_iPad = "UIInterfaceOrientationPortrait UIInterfaceOrientationPortraitUpsideDown UIInterfaceOrientationLandscapeLeft UIInterfaceOrientationLandscapeRight";
				INFOPLIST_KEY_UISupportedInterfaceOrientations_iPhone = "UIInterfaceOrientationPortrait UIInterfaceOrientationLandscapeLeft UIInterfaceOrientationLandscapeRight";
				LD_RUNPATH_SEARCH_PATHS = (
					"$(inherited)",
					"@executable_path/Frameworks",
				);
				MARKETING_VERSION = 1.0;
				PRODUCT_BUNDLE_IDENTIFIER = com.agk.automotive;
				PRODUCT_NAME = "$(TARGET_NAME)";
				PROVISIONING_PROFILE_SPECIFIER = "";
				SWIFT_EMIT_LOC_STRINGS = YES;
				SWIFT_VERSION = 5.0;
				TARGETED_DEVICE_FAMILY = "1,2";
			};
			name = Debug;
		};
		E8384FC92A7BF7AB005FE9F5 /* Release */ = {
			isa = XCBuildConfiguration;
			baseConfigurationReference = 1DB723A27EE36686408388C2 /* Pods-TomofilyaC.release.xcconfig */;
			buildSettings = {
				ASSETCATALOG_COMPILER_APPICON_NAME = AppIcon;
				ASSETCATALOG_COMPILER_GLOBAL_ACCENT_COLOR_NAME = AccentColor;
				CODE_SIGN_IDENTITY = "Apple Development";
				CODE_SIGN_STYLE = Automatic;
				CURRENT_PROJECT_VERSION = 1;
				DEVELOPMENT_TEAM = 7T569GVN5Q;
				GENERATE_INFOPLIST_FILE = YES;
				INFOPLIST_FILE = TomofilyaC/Info.plist;
				INFOPLIST_KEY_UIApplicationSupportsIndirectInputEvents = YES;
				INFOPLIST_KEY_UILaunchStoryboardName = LaunchScreen;
				INFOPLIST_KEY_UISupportedInterfaceOrientations_iPad = "UIInterfaceOrientationPortrait UIInterfaceOrientationPortraitUpsideDown UIInterfaceOrientationLandscapeLeft UIInterfaceOrientationLandscapeRight";
				INFOPLIST_KEY_UISupportedInterfaceOrientations_iPhone = "UIInterfaceOrientationPortrait UIInterfaceOrientationLandscapeLeft UIInterfaceOrientationLandscapeRight";
				LD_RUNPATH_SEARCH_PATHS = (
					"$(inherited)",
					"@executable_path/Frameworks",
				);
				MARKETING_VERSION = 1.0;
				PRODUCT_BUNDLE_IDENTIFIER = com.agk.automotive;
				PRODUCT_NAME = "$(TARGET_NAME)";
				PROVISIONING_PROFILE_SPECIFIER = "";
				SWIFT_EMIT_LOC_STRINGS = YES;
				SWIFT_VERSION = 5.0;
				TARGETED_DEVICE_FAMILY = "1,2";
			};
			name = Release;
		};
/* End XCBuildConfiguration section */

/* Begin XCConfigurationList section */
		E8384FAE2A7BF7A8005FE9F5 /* Build configuration list for PBXProject "TomofilyaC" */ = {
			isa = XCConfigurationList;
			buildConfigurations = (
				E8384FC52A7BF7AB005FE9F5 /* Debug */,
				E8384FC62A7BF7AB005FE9F5 /* Release */,
			);
			defaultConfigurationIsVisible = 0;
			defaultConfigurationName = Release;
		};
		E8384FC72A7BF7AB005FE9F5 /* Build configuration list for PBXNativeTarget "TomofilyaC" */ = {
			isa = XCConfigurationList;
			buildConfigurations = (
				E8384FC82A7BF7AB005FE9F5 /* Debug */,
				E8384FC92A7BF7AB005FE9F5 /* Release */,
			);
			defaultConfigurationIsVisible = 0;
			defaultConfigurationName = Release;
		};
/* End XCConfigurationList section */

/* Begin XCRemoteSwiftPackageReference section */
		E85245742AC3B83D00B4CB81 /* XCRemoteSwiftPackageReference "GoogleSignIn-iOS" */ = {
			isa = XCRemoteSwiftPackageReference;
			repositoryURL = "https://github.com/google/GoogleSignIn-iOS";
			requirement = {
				kind = upToNextMajorVersion;
				minimumVersion = 7.0.0;
			};
		};
		E85DB67B2B275CD600364A3F /* XCRemoteSwiftPackageReference "firebase-ios-sdk" */ = {
			isa = XCRemoteSwiftPackageReference;
			repositoryURL = "https://github.com/firebase/firebase-ios-sdk.git";
			requirement = {
				kind = upToNextMajorVersion;
				minimumVersion = 10.19.0;
			};
		};
		E8A4B0022AB8428C0020C9CA /* XCRemoteSwiftPackageReference "Kingfisher" */ = {
			isa = XCRemoteSwiftPackageReference;
			repositoryURL = "https://github.com/onevcat/Kingfisher.git";
			requirement = {
				kind = upToNextMajorVersion;
				minimumVersion = 7.0.0;
			};
		};
/* End XCRemoteSwiftPackageReference section */

/* Begin XCSwiftPackageProductDependency section */
		E85245752AC3B83D00B4CB81 /* GoogleSignIn */ = {
			isa = XCSwiftPackageProductDependency;
			package = E85245742AC3B83D00B4CB81 /* XCRemoteSwiftPackageReference "GoogleSignIn-iOS" */;
			productName = GoogleSignIn;
		};
		E85245772AC3B83D00B4CB81 /* GoogleSignInSwift */ = {
			isa = XCSwiftPackageProductDependency;
			package = E85245742AC3B83D00B4CB81 /* XCRemoteSwiftPackageReference "GoogleSignIn-iOS" */;
			productName = GoogleSignInSwift;
		};
		E85DB67C2B275CD600364A3F /* FirebaseAnalytics */ = {
			isa = XCSwiftPackageProductDependency;
			package = E85DB67B2B275CD600364A3F /* XCRemoteSwiftPackageReference "firebase-ios-sdk" */;
			productName = FirebaseAnalytics;
		};
		E85DB67E2B275CD600364A3F /* FirebaseAnalyticsOnDeviceConversion */ = {
			isa = XCSwiftPackageProductDependency;
			package = E85DB67B2B275CD600364A3F /* XCRemoteSwiftPackageReference "firebase-ios-sdk" */;
			productName = FirebaseAnalyticsOnDeviceConversion;
		};
		E85DB6802B275CD600364A3F /* FirebaseAnalyticsSwift */ = {
			isa = XCSwiftPackageProductDependency;
			package = E85DB67B2B275CD600364A3F /* XCRemoteSwiftPackageReference "firebase-ios-sdk" */;
			productName = FirebaseAnalyticsSwift;
		};
		E85DB6822B275CD600364A3F /* FirebaseAnalyticsWithoutAdIdSupport */ = {
			isa = XCSwiftPackageProductDependency;
			package = E85DB67B2B275CD600364A3F /* XCRemoteSwiftPackageReference "firebase-ios-sdk" */;
			productName = FirebaseAnalyticsWithoutAdIdSupport;
		};
		E85DB6842B275CD600364A3F /* FirebaseAppCheck */ = {
			isa = XCSwiftPackageProductDependency;
			package = E85DB67B2B275CD600364A3F /* XCRemoteSwiftPackageReference "firebase-ios-sdk" */;
			productName = FirebaseAppCheck;
		};
		E85DB6862B275CD600364A3F /* FirebaseAppDistribution-Beta */ = {
			isa = XCSwiftPackageProductDependency;
			package = E85DB67B2B275CD600364A3F /* XCRemoteSwiftPackageReference "firebase-ios-sdk" */;
			productName = "FirebaseAppDistribution-Beta";
		};
		E85DB6882B275CD600364A3F /* FirebaseAuth */ = {
			isa = XCSwiftPackageProductDependency;
			package = E85DB67B2B275CD600364A3F /* XCRemoteSwiftPackageReference "firebase-ios-sdk" */;
			productName = FirebaseAuth;
		};
		E85DB68A2B275CD600364A3F /* FirebaseAuthCombine-Community */ = {
			isa = XCSwiftPackageProductDependency;
			package = E85DB67B2B275CD600364A3F /* XCRemoteSwiftPackageReference "firebase-ios-sdk" */;
			productName = "FirebaseAuthCombine-Community";
		};
		E85DB68C2B275CD600364A3F /* FirebaseCrashlytics */ = {
			isa = XCSwiftPackageProductDependency;
			package = E85DB67B2B275CD600364A3F /* XCRemoteSwiftPackageReference "firebase-ios-sdk" */;
			productName = FirebaseCrashlytics;
		};
		E85DB68E2B275CD600364A3F /* FirebaseDatabase */ = {
			isa = XCSwiftPackageProductDependency;
			package = E85DB67B2B275CD600364A3F /* XCRemoteSwiftPackageReference "firebase-ios-sdk" */;
			productName = FirebaseDatabase;
		};
		E85DB6902B275CD600364A3F /* FirebaseDatabaseSwift */ = {
			isa = XCSwiftPackageProductDependency;
			package = E85DB67B2B275CD600364A3F /* XCRemoteSwiftPackageReference "firebase-ios-sdk" */;
			productName = FirebaseDatabaseSwift;
		};
		E85DB6922B275CD600364A3F /* FirebaseDynamicLinks */ = {
			isa = XCSwiftPackageProductDependency;
			package = E85DB67B2B275CD600364A3F /* XCRemoteSwiftPackageReference "firebase-ios-sdk" */;
			productName = FirebaseDynamicLinks;
		};
		E85DB6942B275CD600364A3F /* FirebaseFirestore */ = {
			isa = XCSwiftPackageProductDependency;
			package = E85DB67B2B275CD600364A3F /* XCRemoteSwiftPackageReference "firebase-ios-sdk" */;
			productName = FirebaseFirestore;
		};
		E85DB6962B275CD600364A3F /* FirebaseFirestoreCombine-Community */ = {
			isa = XCSwiftPackageProductDependency;
			package = E85DB67B2B275CD600364A3F /* XCRemoteSwiftPackageReference "firebase-ios-sdk" */;
			productName = "FirebaseFirestoreCombine-Community";
		};
		E85DB6982B275CD600364A3F /* FirebaseFirestoreSwift */ = {
			isa = XCSwiftPackageProductDependency;
			package = E85DB67B2B275CD600364A3F /* XCRemoteSwiftPackageReference "firebase-ios-sdk" */;
			productName = FirebaseFirestoreSwift;
		};
		E85DB69A2B275CD600364A3F /* FirebaseFunctions */ = {
			isa = XCSwiftPackageProductDependency;
			package = E85DB67B2B275CD600364A3F /* XCRemoteSwiftPackageReference "firebase-ios-sdk" */;
			productName = FirebaseFunctions;
		};
		E85DB69C2B275CD600364A3F /* FirebaseFunctionsCombine-Community */ = {
			isa = XCSwiftPackageProductDependency;
			package = E85DB67B2B275CD600364A3F /* XCRemoteSwiftPackageReference "firebase-ios-sdk" */;
			productName = "FirebaseFunctionsCombine-Community";
		};
		E85DB69E2B275CD600364A3F /* FirebaseInAppMessaging-Beta */ = {
			isa = XCSwiftPackageProductDependency;
			package = E85DB67B2B275CD600364A3F /* XCRemoteSwiftPackageReference "firebase-ios-sdk" */;
			productName = "FirebaseInAppMessaging-Beta";
		};
		E85DB6A02B275CD600364A3F /* FirebaseInAppMessagingSwift-Beta */ = {
			isa = XCSwiftPackageProductDependency;
			package = E85DB67B2B275CD600364A3F /* XCRemoteSwiftPackageReference "firebase-ios-sdk" */;
			productName = "FirebaseInAppMessagingSwift-Beta";
		};
		E85DB6A22B275CD600364A3F /* FirebaseInstallations */ = {
			isa = XCSwiftPackageProductDependency;
			package = E85DB67B2B275CD600364A3F /* XCRemoteSwiftPackageReference "firebase-ios-sdk" */;
			productName = FirebaseInstallations;
		};
		E85DB6A42B275CD600364A3F /* FirebaseMLModelDownloader */ = {
			isa = XCSwiftPackageProductDependency;
			package = E85DB67B2B275CD600364A3F /* XCRemoteSwiftPackageReference "firebase-ios-sdk" */;
			productName = FirebaseMLModelDownloader;
		};
		E85DB6A62B275CD600364A3F /* FirebaseMessaging */ = {
			isa = XCSwiftPackageProductDependency;
			package = E85DB67B2B275CD600364A3F /* XCRemoteSwiftPackageReference "firebase-ios-sdk" */;
			productName = FirebaseMessaging;
		};
		E85DB6A82B275CD600364A3F /* FirebasePerformance */ = {
			isa = XCSwiftPackageProductDependency;
			package = E85DB67B2B275CD600364A3F /* XCRemoteSwiftPackageReference "firebase-ios-sdk" */;
			productName = FirebasePerformance;
		};
		E85DB6AA2B275CD600364A3F /* FirebaseRemoteConfig */ = {
			isa = XCSwiftPackageProductDependency;
			package = E85DB67B2B275CD600364A3F /* XCRemoteSwiftPackageReference "firebase-ios-sdk" */;
			productName = FirebaseRemoteConfig;
		};
		E85DB6AC2B275CD600364A3F /* FirebaseRemoteConfigSwift */ = {
			isa = XCSwiftPackageProductDependency;
			package = E85DB67B2B275CD600364A3F /* XCRemoteSwiftPackageReference "firebase-ios-sdk" */;
			productName = FirebaseRemoteConfigSwift;
		};
		E85DB6AE2B275CD600364A3F /* FirebaseStorage */ = {
			isa = XCSwiftPackageProductDependency;
			package = E85DB67B2B275CD600364A3F /* XCRemoteSwiftPackageReference "firebase-ios-sdk" */;
			productName = FirebaseStorage;
		};
		E85DB6B02B275CD600364A3F /* FirebaseStorageCombine-Community */ = {
			isa = XCSwiftPackageProductDependency;
			package = E85DB67B2B275CD600364A3F /* XCRemoteSwiftPackageReference "firebase-ios-sdk" */;
			productName = "FirebaseStorageCombine-Community";
		};
		E8A4B0032AB8428C0020C9CA /* Kingfisher */ = {
			isa = XCSwiftPackageProductDependency;
			package = E8A4B0022AB8428C0020C9CA /* XCRemoteSwiftPackageReference "Kingfisher" */;
			productName = Kingfisher;
		};
/* End XCSwiftPackageProductDependency section */
	};
	rootObject = E8384FAB2A7BF7A8005FE9F5 /* Project object */;
}
